
Microsoft Visual Studio Solution File, Format Version 12.00
# Visual Studio Version 16
VisualStudioVersion = 16.0.30503.244
MinimumVisualStudioVersion = 10.0.40219.1
Project("{2150E333-8FDC-42A3-9474-1A3956D46DE8}") = "Services", "Services", "{E92C5E80-151A-4ACE-84C4-330A33D34BDE}"
EndProject
Project("{2150E333-8FDC-42A3-9474-1A3956D46DE8}") = "WebApps", "WebApps", "{914AD1F5-FD15-4501-B13D-94A4048F29E7}"
EndProject
Project("{2150E333-8FDC-42A3-9474-1A3956D46DE8}") = "Cadastros", "Cadastros", "{C7820B9B-9C88-449F-8E86-988B22C607B0}"
EndProject
Project("{2150E333-8FDC-42A3-9474-1A3956D46DE8}") = "Catalogo", "Catalogo", "{E86BD8FA-E4B6-409F-96FB-BCC3D0155FD3}"
EndProject
Project("{2150E333-8FDC-42A3-9474-1A3956D46DE8}") = "Core", "Core", "{3DDDCF3F-F9C4-4158-8B8A-3CFBC4152949}"
EndProject
Project("{2150E333-8FDC-42A3-9474-1A3956D46DE8}") = "Fiscal", "Fiscal", "{A4B5EBA8-43EE-409A-B301-354BC55894D8}"
EndProject
Project("{2150E333-8FDC-42A3-9474-1A3956D46DE8}") = "Pagamentos", "Pagamentos", "{FCD24162-FAC1-4B83-98C4-53802AC776E3}"
EndProject
Project("{2150E333-8FDC-42A3-9474-1A3956D46DE8}") = "Vendas", "Vendas", "{A78EE0D7-DC16-4D5D-A000-73DFB7684238}"
EndProject
Project("{9A19103F-16F7-4668-BE54-9A1E7A4F7556}") = "NerdStore.Catalogo.Domain", "src\NerdStore.Catalogo.Domain\NerdStore.Catalogo.Domain.csproj", "{B3E2A04B-13B3-4C9F-AA3F-9D8728310011}"
EndProject
Project("{2150E333-8FDC-42A3-9474-1A3956D46DE8}") = "Testes", "Testes", "{AD3F124D-ECEE-4227-997C-4276E1F92031}"
EndProject
Project("{9A19103F-16F7-4668-BE54-9A1E7A4F7556}") = "NerdStore.Catalogo.Domain.Testes", "tests\NerdStore.Catalogo.Domain.Testes\NerdStore.Catalogo.Domain.Testes.csproj", "{ACB6E3F1-42FD-4378-AE4F-69DD8903A382}"
EndProject
Project("{9A19103F-16F7-4668-BE54-9A1E7A4F7556}") = "NerStore.Catalogo.Infra.Data", "NerStore.Catalogo.Infra.Data\NerStore.Catalogo.Infra.Data.csproj", "{7626B62B-FFA1-44F1-9C8B-6B9502E7E312}"
EndProject
Project("{9A19103F-16F7-4668-BE54-9A1E7A4F7556}") = "NerdStore.Core", "NerdStore.Core\NerdStore.Core.csproj", "{3027D302-5940-4A75-9A1D-49FC3BB7976A}"
EndProject
Project("{FAE04EC0-301F-11D3-BF4B-00C04F79EFBC}") = "NerdStore.Catalogo.Services", "NerdStore.Catalogo.Services\NerdStore.Catalogo.Services.csproj", "{0F70151A-6092-4B71-8213-9A208EC1D365}"
EndProject
Global
	GlobalSection(SolutionConfigurationPlatforms) = preSolution
		Debug|Any CPU = Debug|Any CPU
		Release|Any CPU = Release|Any CPU
	EndGlobalSection
	GlobalSection(ProjectConfigurationPlatforms) = postSolution
		{B3E2A04B-13B3-4C9F-AA3F-9D8728310011}.Debug|Any CPU.ActiveCfg = Debug|Any CPU
		{B3E2A04B-13B3-4C9F-AA3F-9D8728310011}.Debug|Any CPU.Build.0 = Debug|Any CPU
		{B3E2A04B-13B3-4C9F-AA3F-9D8728310011}.Release|Any CPU.ActiveCfg = Release|Any CPU
		{B3E2A04B-13B3-4C9F-AA3F-9D8728310011}.Release|Any CPU.Build.0 = Release|Any CPU
		{ACB6E3F1-42FD-4378-AE4F-69DD8903A382}.Debug|Any CPU.ActiveCfg = Debug|Any CPU
		{ACB6E3F1-42FD-4378-AE4F-69DD8903A382}.Debug|Any CPU.Build.0 = Debug|Any CPU
		{ACB6E3F1-42FD-4378-AE4F-69DD8903A382}.Release|Any CPU.ActiveCfg = Release|Any CPU
		{ACB6E3F1-42FD-4378-AE4F-69DD8903A382}.Release|Any CPU.Build.0 = Release|Any CPU
		{7626B62B-FFA1-44F1-9C8B-6B9502E7E312}.Debug|Any CPU.ActiveCfg = Debug|Any CPU
		{7626B62B-FFA1-44F1-9C8B-6B9502E7E312}.Debug|Any CPU.Build.0 = Debug|Any CPU
		{7626B62B-FFA1-44F1-9C8B-6B9502E7E312}.Release|Any CPU.ActiveCfg = Release|Any CPU
		{7626B62B-FFA1-44F1-9C8B-6B9502E7E312}.Release|Any CPU.Build.0 = Release|Any CPU
		{3027D302-5940-4A75-9A1D-49FC3BB7976A}.Debug|Any CPU.ActiveCfg = Debug|Any CPU
		{3027D302-5940-4A75-9A1D-49FC3BB7976A}.Debug|Any CPU.Build.0 = Debug|Any CPU
		{3027D302-5940-4A75-9A1D-49FC3BB7976A}.Release|Any CPU.ActiveCfg = Release|Any CPU
		{3027D302-5940-4A75-9A1D-49FC3BB7976A}.Release|Any CPU.Build.0 = Release|Any CPU
		{0F70151A-6092-4B71-8213-9A208EC1D365}.Debug|Any CPU.ActiveCfg = Debug|Any CPU
		{0F70151A-6092-4B71-8213-9A208EC1D365}.Debug|Any CPU.Build.0 = Debug|Any CPU
		{0F70151A-6092-4B71-8213-9A208EC1D365}.Release|Any CPU.ActiveCfg = Release|Any CPU
		{0F70151A-6092-4B71-8213-9A208EC1D365}.Release|Any CPU.Build.0 = Release|Any CPU
	EndGlobalSection
	GlobalSection(SolutionProperties) = preSolution
		HideSolutionNode = FALSE
	EndGlobalSection
	GlobalSection(NestedProjects) = preSolution
		{C7820B9B-9C88-449F-8E86-988B22C607B0} = {E92C5E80-151A-4ACE-84C4-330A33D34BDE}
		{E86BD8FA-E4B6-409F-96FB-BCC3D0155FD3} = {E92C5E80-151A-4ACE-84C4-330A33D34BDE}
		{3DDDCF3F-F9C4-4158-8B8A-3CFBC4152949} = {E92C5E80-151A-4ACE-84C4-330A33D34BDE}
		{A4B5EBA8-43EE-409A-B301-354BC55894D8} = {E92C5E80-151A-4ACE-84C4-330A33D34BDE}
		{FCD24162-FAC1-4B83-98C4-53802AC776E3} = {E92C5E80-151A-4ACE-84C4-330A33D34BDE}
		{A78EE0D7-DC16-4D5D-A000-73DFB7684238} = {E92C5E80-151A-4ACE-84C4-330A33D34BDE}
		{B3E2A04B-13B3-4C9F-AA3F-9D8728310011} = {E86BD8FA-E4B6-409F-96FB-BCC3D0155FD3}
		{AD3F124D-ECEE-4227-997C-4276E1F92031} = {E86BD8FA-E4B6-409F-96FB-BCC3D0155FD3}
		{ACB6E3F1-42FD-4378-AE4F-69DD8903A382} = {AD3F124D-ECEE-4227-997C-4276E1F92031}
		{7626B62B-FFA1-44F1-9C8B-6B9502E7E312} = {E86BD8FA-E4B6-409F-96FB-BCC3D0155FD3}
		{3027D302-5940-4A75-9A1D-49FC3BB7976A} = {3DDDCF3F-F9C4-4158-8B8A-3CFBC4152949}
		{0F70151A-6092-4B71-8213-9A208EC1D365} = {E86BD8FA-E4B6-409F-96FB-BCC3D0155FD3}
	EndGlobalSection
	GlobalSection(ExtensibilityGlobals) = postSolution
		SolutionGuid = {92E0F6A2-E056-49F5-8994-AA98981FE966}
	EndGlobalSection
EndGlobal
